
Microsoft Visual Studio Solution File, Format Version 12.00
# Visual Studio Version 17
VisualStudioVersion = 17.1.32328.378
MinimumVisualStudioVersion = 10.0.40219.1
Project("{9A19103F-16F7-4668-BE54-9A1E7A4F7556}") = "Rau.Tests", "Rau.Tests\Rau.Tests.csproj", "{BD93EBE7-4ACA-4C1A-9C41-195947174789}"
EndProject
Project("{9A19103F-16F7-4668-BE54-9A1E7A4F7556}") = "LibSethCS", "..\sethcs\LibSethCS\LibSethCS.csproj", "{0E9BEEF0-BC56-473F-8A9F-7CC07FBD214E}"
EndProject
Project("{D954291E-2A0B-460D-934E-DC6B0785DB48}") = "SethCS", "..\sethcs\SethCS\SethCS.shproj", "{52089274-B9A2-4A47-A221-C321DEE1CE7F}"
EndProject
Project("{9A19103F-16F7-4668-BE54-9A1E7A4F7556}") = "Seth.Analyzer", "..\sethcs\Seth.Analyzer\Seth.Analyzer.csproj", "{A27D27F7-32E9-4527-9A5B-925AEC10ACBF}"
EndProject
Project("{9A19103F-16F7-4668-BE54-9A1E7A4F7556}") = "Rau", "Rau\Rau.csproj", "{E89358DA-E34E-4390-A508-88D2BF66825F}"
EndProject
Project("{9A19103F-16F7-4668-BE54-9A1E7A4F7556}") = "Rau.Standard", "Rau.Standard\Rau.Standard.csproj", "{D97E203E-13F0-407C-B307-0F7726D7D1A2}"
EndProject
Project("{2150E333-8FDC-42A3-9474-1A3956D46DE8}") = "Plugins", "Plugins", "{10BB23F1-A7FA-48C4-8395-3D943C1313AF}"
EndProject
Project("{9A19103F-16F7-4668-BE54-9A1E7A4F7556}") = "Rau.Plugins.Canary", "Plugins\Rau.Plugins.Canary\Rau.Plugins.Canary.csproj", "{787F2E8E-9FC5-46BE-B5DE-AA585D1FE3BE}"
EndProject
Project("{FAE04EC0-301F-11D3-BF4B-00C04F79EFBC}") = "Rau.Plugins.Rss2Pds", "Plugins\Rau.Plugins.Rss2Pds\Rau.Plugins.Rss2Pds.csproj", "{651E3415-D9EE-4382-8CDB-778DFC660B44}"
EndProject
Global
	GlobalSection(SolutionConfigurationPlatforms) = preSolution
		Debug|Any CPU = Debug|Any CPU
		Release|Any CPU = Release|Any CPU
	EndGlobalSection
	GlobalSection(ProjectConfigurationPlatforms) = postSolution
		{BD93EBE7-4ACA-4C1A-9C41-195947174789}.Debug|Any CPU.ActiveCfg = Debug|Any CPU
		{BD93EBE7-4ACA-4C1A-9C41-195947174789}.Debug|Any CPU.Build.0 = Debug|Any CPU
		{BD93EBE7-4ACA-4C1A-9C41-195947174789}.Release|Any CPU.ActiveCfg = Release|Any CPU
		{BD93EBE7-4ACA-4C1A-9C41-195947174789}.Release|Any CPU.Build.0 = Release|Any CPU
		{0E9BEEF0-BC56-473F-8A9F-7CC07FBD214E}.Debug|Any CPU.ActiveCfg = Debug|Any CPU
		{0E9BEEF0-BC56-473F-8A9F-7CC07FBD214E}.Debug|Any CPU.Build.0 = Debug|Any CPU
		{0E9BEEF0-BC56-473F-8A9F-7CC07FBD214E}.Release|Any CPU.ActiveCfg = Release|Any CPU
		{0E9BEEF0-BC56-473F-8A9F-7CC07FBD214E}.Release|Any CPU.Build.0 = Release|Any CPU
		{A27D27F7-32E9-4527-9A5B-925AEC10ACBF}.Debug|Any CPU.ActiveCfg = Debug|Any CPU
		{A27D27F7-32E9-4527-9A5B-925AEC10ACBF}.Debug|Any CPU.Build.0 = Debug|Any CPU
		{A27D27F7-32E9-4527-9A5B-925AEC10ACBF}.Release|Any CPU.ActiveCfg = Release|Any CPU
		{A27D27F7-32E9-4527-9A5B-925AEC10ACBF}.Release|Any CPU.Build.0 = Release|Any CPU
		{E89358DA-E34E-4390-A508-88D2BF66825F}.Debug|Any CPU.ActiveCfg = Debug|Any CPU
		{E89358DA-E34E-4390-A508-88D2BF66825F}.Debug|Any CPU.Build.0 = Debug|Any CPU
		{E89358DA-E34E-4390-A508-88D2BF66825F}.Release|Any CPU.ActiveCfg = Release|Any CPU
		{E89358DA-E34E-4390-A508-88D2BF66825F}.Release|Any CPU.Build.0 = Release|Any CPU
		{D97E203E-13F0-407C-B307-0F7726D7D1A2}.Debug|Any CPU.ActiveCfg = Debug|Any CPU
		{D97E203E-13F0-407C-B307-0F7726D7D1A2}.Debug|Any CPU.Build.0 = Debug|Any CPU
		{D97E203E-13F0-407C-B307-0F7726D7D1A2}.Release|Any CPU.ActiveCfg = Release|Any CPU
		{D97E203E-13F0-407C-B307-0F7726D7D1A2}.Release|Any CPU.Build.0 = Release|Any CPU
		{787F2E8E-9FC5-46BE-B5DE-AA585D1FE3BE}.Debug|Any CPU.ActiveCfg = Debug|Any CPU
		{787F2E8E-9FC5-46BE-B5DE-AA585D1FE3BE}.Debug|Any CPU.Build.0 = Debug|Any CPU
		{787F2E8E-9FC5-46BE-B5DE-AA585D1FE3BE}.Release|Any CPU.ActiveCfg = Release|Any CPU
		{787F2E8E-9FC5-46BE-B5DE-AA585D1FE3BE}.Release|Any CPU.Build.0 = Release|Any CPU
		{651E3415-D9EE-4382-8CDB-778DFC660B44}.Debug|Any CPU.ActiveCfg = Debug|Any CPU
		{651E3415-D9EE-4382-8CDB-778DFC660B44}.Debug|Any CPU.Build.0 = Debug|Any CPU
		{651E3415-D9EE-4382-8CDB-778DFC660B44}.Release|Any CPU.ActiveCfg = Release|Any CPU
		{651E3415-D9EE-4382-8CDB-778DFC660B44}.Release|Any CPU.Build.0 = Release|Any CPU
	EndGlobalSection
	GlobalSection(SolutionProperties) = preSolution
		HideSolutionNode = FALSE
	EndGlobalSection
	GlobalSection(NestedProjects) = preSolution
		{787F2E8E-9FC5-46BE-B5DE-AA585D1FE3BE} = {10BB23F1-A7FA-48C4-8395-3D943C1313AF}
		{651E3415-D9EE-4382-8CDB-778DFC660B44} = {10BB23F1-A7FA-48C4-8395-3D943C1313AF}
	EndGlobalSection
	GlobalSection(ExtensibilityGlobals) = postSolution
		SolutionGuid = {EECE224A-4D02-4BDB-BFE9-6ECCDC85A226}
	EndGlobalSection
	GlobalSection(SharedMSBuildProjectFiles) = preSolution
		..\sethcs\SethCS\SethCS.projitems*{0e9beef0-bc56-473f-8a9f-7cc07fbd214e}*SharedItemsImports = 5
		..\sethcs\SethCS\SethCS.projitems*{52089274-b9a2-4a47-a221-c321dee1ce7f}*SharedItemsImports = 13
	EndGlobalSection
EndGlobal
